
Microsoft Visual Studio Solution File, Format Version 12.00
# Visual Studio 15
VisualStudioVersion = 15.0.27428.2015
MinimumVisualStudioVersion = 10.0.40219.1
Project("{9A19103F-16F7-4668-BE54-9A1E7A4F7556}") = "Demo.Event", "Demo.Event\Demo.Event.csproj", "{2A49B7C2-774D-42C6-AF5B-F6DE6C4AFA05}"
EndProject
Project("{9A19103F-16F7-4668-BE54-9A1E7A4F7556}") = "Demo.Delegate", "Demo.Delegate\Demo.Delegate.csproj", "{92214F8E-E3B6-4794-93E4-2DCD01371A80}"
EndProject
Project("{9A19103F-16F7-4668-BE54-9A1E7A4F7556}") = "Demo.Action", "Demo.Action\Demo.Action.csproj", "{C9B0B79B-F046-4F9F-BE46-793A17546566}"
EndProject
Project("{9A19103F-16F7-4668-BE54-9A1E7A4F7556}") = "Demo.Func", "Demo.Func\Demo.Func.csproj", "{3423B59D-8FEB-4E90-8286-464457EF4B23}"
EndProject
Project("{2150E333-8FDC-42A3-9474-1A3956D46DE8}") = "委托", "委托", "{FAD2374A-81BD-4693-8412-6533B43E81AB}"
EndProject
Project("{9A19103F-16F7-4668-BE54-9A1E7A4F7556}") = "Demo.EF", "Demo.EF\Demo.EF.csproj", "{9638B7A6-DEC0-4D9A-AEDB-96A0834D4198}"
EndProject
Project("{9A19103F-16F7-4668-BE54-9A1E7A4F7556}") = "Demo.Threads", "Demo.Threads\Demo.Threads.csproj", "{40C56039-A9FF-442F-BC06-B541421999A4}"
EndProject
Project("{9A19103F-16F7-4668-BE54-9A1E7A4F7556}") = "Demo.ThreadPools", "Demo.ThreadPools\Demo.ThreadPools.csproj", "{D34CD7A6-B192-4C90-8093-0B0C53A533CB}"
EndProject
Project("{9A19103F-16F7-4668-BE54-9A1E7A4F7556}") = "Demo.Tasks", "Demo.Tasks\Demo.Tasks.csproj", "{35FF2A78-C595-42D2-BECD-DFA095035782}"
EndProject
Project("{2150E333-8FDC-42A3-9474-1A3956D46DE8}") = "多线程", "多线程", "{AFD0173D-972E-4829-BBC3-DFA5DFC807B5}"
EndProject
Project("{2150E333-8FDC-42A3-9474-1A3956D46DE8}") = "EF", "EF", "{6D550CF0-7CEE-4FE1-833F-79638FED49BC}"
EndProject
Project("{9A19103F-16F7-4668-BE54-9A1E7A4F7556}") = "Demo.ThreadFactory", "Demo.ThreadFactory\Demo.ThreadFactory.csproj", "{395CF743-1EDD-4B92-ACB9-E67432832255}"
EndProject
Project("{9A19103F-16F7-4668-BE54-9A1E7A4F7556}") = "Demo.Parallels", "Demo.Parallels\Demo.Parallels.csproj", "{A57A9330-4967-47FF-8E28-099C9A458208}"
EndProject
Project("{2150E333-8FDC-42A3-9474-1A3956D46DE8}") = "读写", "读写", "{11899BBD-4A7D-4FEB-A5B7-9548C7AD712E}"
EndProject
Project("{9A19103F-16F7-4668-BE54-9A1E7A4F7556}") = "Demo.FileStreams", "Demo.FileStreams\Demo.FileStreams.csproj", "{A69C2AB4-4B8C-41F8-AECA-C0589A634AB4}"
EndProject
Project("{9A19103F-16F7-4668-BE54-9A1E7A4F7556}") = "Demo.HttpClients", "Demo.HttpClients\Demo.HttpClients.csproj", "{14C77564-FAE2-458B-832B-28FDB0ECD4B0}"
EndProject
Project("{2150E333-8FDC-42A3-9474-1A3956D46DE8}") = "网络", "网络", "{AFD6880D-7BF1-4052-9D79-18844A66455F}"
EndProject
Project("{9A19103F-16F7-4668-BE54-9A1E7A4F7556}") = "Demo.WebClients", "Demo.WebClients\Demo.WebClients.csproj", "{2C1764F6-6B88-4FF3-8094-5E0B4CF94337}"
EndProject
Project("{9A19103F-16F7-4668-BE54-9A1E7A4F7556}") = "Demo.HttpWebRequests", "Demo.HttpWebRequests\Demo.HttpWebRequests.csproj", "{B63C9C2F-96A0-4F83-8354-F404C867BCEC}"
EndProject
Project("{2150E333-8FDC-42A3-9474-1A3956D46DE8}") = "机器人", "机器人", "{FA95DAE2-50AE-4D56-92D8-40175C215E0D}"
EndProject
Project("{9A19103F-16F7-4668-BE54-9A1E7A4F7556}") = "Demo.Robot", "Demo.Robot\Demo.Robot.csproj", "{32FB1D5A-B3A9-4E98-A455-A7FD59B5B5CA}"
EndProject
Project("{9A19103F-16F7-4668-BE54-9A1E7A4F7556}") = "Demo.MemoryStreams", "Demo.MemoryStreams\Demo.MemoryStreams.csproj", "{6A1CB29E-2D96-48D7-81AE-1974FF9E1E49}"
EndProject
Project("{9A19103F-16F7-4668-BE54-9A1E7A4F7556}") = "Demo.Directories", "Demo.Directories\Demo.Directories.csproj", "{95C36B83-897E-4CCE-94C6-818ABEE85F9D}"
EndProject
Project("{9A19103F-16F7-4668-BE54-9A1E7A4F7556}") = "Demo.DirectoryInfos", "Demo.DirectoryInfos\Demo.DirectoryInfos.csproj", "{B8B72138-5610-44AB-B29B-FA47D75232B4}"
EndProject
Project("{9A19103F-16F7-4668-BE54-9A1E7A4F7556}") = "Demo.Paths", "Demo.Paths\Demo.Paths.csproj", "{8B61CF3E-E9B3-4CD9-A163-638AB0EA9397}"
EndProject
Project("{2150E333-8FDC-42A3-9474-1A3956D46DE8}") = "特性", "特性", "{10310E31-B04C-47F5-BCFF-5130228A9F0C}"
EndProject
Project("{9A19103F-16F7-4668-BE54-9A1E7A4F7556}") = "Demo.Conditionals", "Demo.Conditionals\Demo.Conditionals.csproj", "{D7029D87-90F9-4A4C-A826-6F971F6D1610}"
EndProject
Project("{9A19103F-16F7-4668-BE54-9A1E7A4F7556}") = "Demo.Obsoletes", "Demo.Obsoletes\Demo.Obsoletes.csproj", "{B0E4835D-7E01-474E-A97E-F18CE2F06098}"
EndProject
Project("{9A19103F-16F7-4668-BE54-9A1E7A4F7556}") = "Demo.AttributeUsages", "Demo.AttributeUsages\Demo.AttributeUsages.csproj", "{DB1AB22D-804E-4FAF-9070-E161D8C4C3AE}"
EndProject
Project("{9A19103F-16F7-4668-BE54-9A1E7A4F7556}") = "Demo.Attributes", "Demo.Attributes\Demo.Attributes.csproj", "{4BA1308F-9423-48A7-92B6-15B234DCDEA2}"
EndProject
Project("{9A19103F-16F7-4668-BE54-9A1E7A4F7556}") = "Demo.DllImports", "Demo.DllImports\Demo.DllImports.csproj", "{FD0C9661-7355-41E0-8735-65C17AEF9EF7}"
EndProject
Project("{2150E333-8FDC-42A3-9474-1A3956D46DE8}") = "集合", "集合", "{313BEF73-D28D-46EF-8024-9F92DEF733C2}"
EndProject
Project("{9A19103F-16F7-4668-BE54-9A1E7A4F7556}") = "Demo.ArrayLists", "Demo.ArrayLists\Demo.ArrayLists.csproj", "{8EF6367C-5B85-4524-9AE8-C1F85108A50E}"
EndProject
Project("{9A19103F-16F7-4668-BE54-9A1E7A4F7556}") = "Demo.Hashtables", "Demo.Hashtables\Demo.Hashtables.csproj", "{6E5799D6-2704-4C67-918E-9B4F9B88EB86}"
EndProject
Project("{9A19103F-16F7-4668-BE54-9A1E7A4F7556}") = "Demo.SortedLists", "Demo.SortedLists\Demo.SortedLists.csproj", "{1AC649B9-2BED-464A-8280-F6AA2C6B394F}"
EndProject
Project("{9A19103F-16F7-4668-BE54-9A1E7A4F7556}") = "Demo.Stacks", "Demo.Stacks\Demo.Stacks.csproj", "{7F618E0F-3B76-41C5-A35B-5C481723052D}"
EndProject
Project("{9A19103F-16F7-4668-BE54-9A1E7A4F7556}") = "Demo.Queues", "Demo.Queues\Demo.Queues.csproj", "{FE190B87-EB9E-4369-A37B-8E3EC35AF0EF}"
EndProject
Project("{2150E333-8FDC-42A3-9474-1A3956D46DE8}") = "算法", "算法", "{4A67417C-CD6E-4F39-85BC-7EA9DCDCB36F}"
EndProject
Project("{9A19103F-16F7-4668-BE54-9A1E7A4F7556}") = "Demo.Primes", "Demo.Primes\Demo.Primes.csproj", "{9B8FFF35-6C63-4FDA-883C-1BCC947577B5}"
EndProject
Project("{2150E333-8FDC-42A3-9474-1A3956D46DE8}") = "扩展", "扩展", "{E4E6FF68-81D3-43FD-9D39-5377D3BE743A}"
EndProject
Project("{9A19103F-16F7-4668-BE54-9A1E7A4F7556}") = "Demo.Extension", "Demo.Extension\Demo.Extension.csproj", "{CD5EE71C-B49E-40DA-9C0B-F1B7B5E776F7}"
EndProject
Project("{2150E333-8FDC-42A3-9474-1A3956D46DE8}") = "语句", "语句", "{9072103A-5093-4EE1-A335-3867B47B1D08}"
EndProject
Project("{9A19103F-16F7-4668-BE54-9A1E7A4F7556}") = "Demo.Yields", "Demo.Yields\Demo.Yields.csproj", "{29E1103D-4A34-4F60-818E-3B6D9E6B805A}"
EndProject
Project("{9A19103F-16F7-4668-BE54-9A1E7A4F7556}") = "Demo.Gotos", "Demo.Gotos\Demo.Gotos.csproj", "{9F3050C4-65A1-4ED6-9F3F-6A0ABB15B9F4}"
EndProject
Project("{9A19103F-16F7-4668-BE54-9A1E7A4F7556}") = "Demo.Checks", "Demo.Checks\Demo.Checks.csproj", "{20A34F60-C541-4433-B4AB-01655707AEEF}"
EndProject
Project("{2150E333-8FDC-42A3-9474-1A3956D46DE8}") = "类", "类", "{4C1553B6-90EA-4C8F-9B2A-02EF665B328C}"
EndProject
Project("{9A19103F-16F7-4668-BE54-9A1E7A4F7556}") = "Demo.ProtectedInternals", "Demo.ProtectedInternals\Demo.ProtectedInternals.csproj", "{80E3B25B-2B73-4058-90ED-E529E7350883}"
EndProject
Project("{9A19103F-16F7-4668-BE54-9A1E7A4F7556}") = "Demo.PrivateProtecteds", "Demo.PrivateProtecteds\Demo.PrivateProtecteds.csproj", "{4FF0D843-E073-44BB-ABB7-6559ED2746B2}"
EndProject
Project("{9A19103F-16F7-4668-BE54-9A1E7A4F7556}") = "Demo.OtherAssemblies", "Demo.OtherAssemblies\Demo.OtherAssemblies.csproj", "{8E42FCC3-FA3B-4F80-B2F0-3141863BBCB2}"
EndProject
Project("{FAE04EC0-301F-11D3-BF4B-00C04F79EFBC}") = "Demo.StaticFields", "Demo.StaticFields\Demo.StaticFields.csproj", "{2DF4F6BD-1A1F-45BD-9822-85220C6D33B4}"
EndProject
Global
	GlobalSection(SolutionConfigurationPlatforms) = preSolution
		Debug|Any CPU = Debug|Any CPU
		Release|Any CPU = Release|Any CPU
	EndGlobalSection
	GlobalSection(ProjectConfigurationPlatforms) = postSolution
		{2A49B7C2-774D-42C6-AF5B-F6DE6C4AFA05}.Debug|Any CPU.ActiveCfg = Debug|Any CPU
		{2A49B7C2-774D-42C6-AF5B-F6DE6C4AFA05}.Debug|Any CPU.Build.0 = Debug|Any CPU
		{2A49B7C2-774D-42C6-AF5B-F6DE6C4AFA05}.Release|Any CPU.ActiveCfg = Release|Any CPU
		{2A49B7C2-774D-42C6-AF5B-F6DE6C4AFA05}.Release|Any CPU.Build.0 = Release|Any CPU
		{92214F8E-E3B6-4794-93E4-2DCD01371A80}.Debug|Any CPU.ActiveCfg = Debug|Any CPU
		{92214F8E-E3B6-4794-93E4-2DCD01371A80}.Debug|Any CPU.Build.0 = Debug|Any CPU
		{92214F8E-E3B6-4794-93E4-2DCD01371A80}.Release|Any CPU.ActiveCfg = Release|Any CPU
		{92214F8E-E3B6-4794-93E4-2DCD01371A80}.Release|Any CPU.Build.0 = Release|Any CPU
		{C9B0B79B-F046-4F9F-BE46-793A17546566}.Debug|Any CPU.ActiveCfg = Debug|Any CPU
		{C9B0B79B-F046-4F9F-BE46-793A17546566}.Debug|Any CPU.Build.0 = Debug|Any CPU
		{C9B0B79B-F046-4F9F-BE46-793A17546566}.Release|Any CPU.ActiveCfg = Release|Any CPU
		{C9B0B79B-F046-4F9F-BE46-793A17546566}.Release|Any CPU.Build.0 = Release|Any CPU
		{3423B59D-8FEB-4E90-8286-464457EF4B23}.Debug|Any CPU.ActiveCfg = Debug|Any CPU
		{3423B59D-8FEB-4E90-8286-464457EF4B23}.Debug|Any CPU.Build.0 = Debug|Any CPU
		{3423B59D-8FEB-4E90-8286-464457EF4B23}.Release|Any CPU.ActiveCfg = Release|Any CPU
		{3423B59D-8FEB-4E90-8286-464457EF4B23}.Release|Any CPU.Build.0 = Release|Any CPU
		{9638B7A6-DEC0-4D9A-AEDB-96A0834D4198}.Debug|Any CPU.ActiveCfg = Debug|Any CPU
		{9638B7A6-DEC0-4D9A-AEDB-96A0834D4198}.Debug|Any CPU.Build.0 = Debug|Any CPU
		{9638B7A6-DEC0-4D9A-AEDB-96A0834D4198}.Release|Any CPU.ActiveCfg = Release|Any CPU
		{9638B7A6-DEC0-4D9A-AEDB-96A0834D4198}.Release|Any CPU.Build.0 = Release|Any CPU
		{40C56039-A9FF-442F-BC06-B541421999A4}.Debug|Any CPU.ActiveCfg = Debug|Any CPU
		{40C56039-A9FF-442F-BC06-B541421999A4}.Debug|Any CPU.Build.0 = Debug|Any CPU
		{40C56039-A9FF-442F-BC06-B541421999A4}.Release|Any CPU.ActiveCfg = Release|Any CPU
		{40C56039-A9FF-442F-BC06-B541421999A4}.Release|Any CPU.Build.0 = Release|Any CPU
		{D34CD7A6-B192-4C90-8093-0B0C53A533CB}.Debug|Any CPU.ActiveCfg = Debug|Any CPU
		{D34CD7A6-B192-4C90-8093-0B0C53A533CB}.Debug|Any CPU.Build.0 = Debug|Any CPU
		{D34CD7A6-B192-4C90-8093-0B0C53A533CB}.Release|Any CPU.ActiveCfg = Release|Any CPU
		{D34CD7A6-B192-4C90-8093-0B0C53A533CB}.Release|Any CPU.Build.0 = Release|Any CPU
		{35FF2A78-C595-42D2-BECD-DFA095035782}.Debug|Any CPU.ActiveCfg = Debug|Any CPU
		{35FF2A78-C595-42D2-BECD-DFA095035782}.Debug|Any CPU.Build.0 = Debug|Any CPU
		{35FF2A78-C595-42D2-BECD-DFA095035782}.Release|Any CPU.ActiveCfg = Release|Any CPU
		{35FF2A78-C595-42D2-BECD-DFA095035782}.Release|Any CPU.Build.0 = Release|Any CPU
		{395CF743-1EDD-4B92-ACB9-E67432832255}.Debug|Any CPU.ActiveCfg = Debug|Any CPU
		{395CF743-1EDD-4B92-ACB9-E67432832255}.Debug|Any CPU.Build.0 = Debug|Any CPU
		{395CF743-1EDD-4B92-ACB9-E67432832255}.Release|Any CPU.ActiveCfg = Release|Any CPU
		{395CF743-1EDD-4B92-ACB9-E67432832255}.Release|Any CPU.Build.0 = Release|Any CPU
		{A57A9330-4967-47FF-8E28-099C9A458208}.Debug|Any CPU.ActiveCfg = Debug|Any CPU
		{A57A9330-4967-47FF-8E28-099C9A458208}.Debug|Any CPU.Build.0 = Debug|Any CPU
		{A57A9330-4967-47FF-8E28-099C9A458208}.Release|Any CPU.ActiveCfg = Release|Any CPU
		{A57A9330-4967-47FF-8E28-099C9A458208}.Release|Any CPU.Build.0 = Release|Any CPU
		{A69C2AB4-4B8C-41F8-AECA-C0589A634AB4}.Debug|Any CPU.ActiveCfg = Debug|Any CPU
		{A69C2AB4-4B8C-41F8-AECA-C0589A634AB4}.Debug|Any CPU.Build.0 = Debug|Any CPU
		{A69C2AB4-4B8C-41F8-AECA-C0589A634AB4}.Release|Any CPU.ActiveCfg = Release|Any CPU
		{A69C2AB4-4B8C-41F8-AECA-C0589A634AB4}.Release|Any CPU.Build.0 = Release|Any CPU
		{14C77564-FAE2-458B-832B-28FDB0ECD4B0}.Debug|Any CPU.ActiveCfg = Debug|Any CPU
		{14C77564-FAE2-458B-832B-28FDB0ECD4B0}.Debug|Any CPU.Build.0 = Debug|Any CPU
		{14C77564-FAE2-458B-832B-28FDB0ECD4B0}.Release|Any CPU.ActiveCfg = Release|Any CPU
		{14C77564-FAE2-458B-832B-28FDB0ECD4B0}.Release|Any CPU.Build.0 = Release|Any CPU
		{2C1764F6-6B88-4FF3-8094-5E0B4CF94337}.Debug|Any CPU.ActiveCfg = Debug|Any CPU
		{2C1764F6-6B88-4FF3-8094-5E0B4CF94337}.Debug|Any CPU.Build.0 = Debug|Any CPU
		{2C1764F6-6B88-4FF3-8094-5E0B4CF94337}.Release|Any CPU.ActiveCfg = Release|Any CPU
		{2C1764F6-6B88-4FF3-8094-5E0B4CF94337}.Release|Any CPU.Build.0 = Release|Any CPU
		{B63C9C2F-96A0-4F83-8354-F404C867BCEC}.Debug|Any CPU.ActiveCfg = Debug|Any CPU
		{B63C9C2F-96A0-4F83-8354-F404C867BCEC}.Debug|Any CPU.Build.0 = Debug|Any CPU
		{B63C9C2F-96A0-4F83-8354-F404C867BCEC}.Release|Any CPU.ActiveCfg = Release|Any CPU
		{B63C9C2F-96A0-4F83-8354-F404C867BCEC}.Release|Any CPU.Build.0 = Release|Any CPU
		{32FB1D5A-B3A9-4E98-A455-A7FD59B5B5CA}.Debug|Any CPU.ActiveCfg = Debug|Any CPU
		{32FB1D5A-B3A9-4E98-A455-A7FD59B5B5CA}.Debug|Any CPU.Build.0 = Debug|Any CPU
		{32FB1D5A-B3A9-4E98-A455-A7FD59B5B5CA}.Release|Any CPU.ActiveCfg = Release|Any CPU
		{32FB1D5A-B3A9-4E98-A455-A7FD59B5B5CA}.Release|Any CPU.Build.0 = Release|Any CPU
		{6A1CB29E-2D96-48D7-81AE-1974FF9E1E49}.Debug|Any CPU.ActiveCfg = Debug|Any CPU
		{6A1CB29E-2D96-48D7-81AE-1974FF9E1E49}.Debug|Any CPU.Build.0 = Debug|Any CPU
		{6A1CB29E-2D96-48D7-81AE-1974FF9E1E49}.Release|Any CPU.ActiveCfg = Release|Any CPU
		{6A1CB29E-2D96-48D7-81AE-1974FF9E1E49}.Release|Any CPU.Build.0 = Release|Any CPU
		{95C36B83-897E-4CCE-94C6-818ABEE85F9D}.Debug|Any CPU.ActiveCfg = Debug|Any CPU
		{95C36B83-897E-4CCE-94C6-818ABEE85F9D}.Debug|Any CPU.Build.0 = Debug|Any CPU
		{95C36B83-897E-4CCE-94C6-818ABEE85F9D}.Release|Any CPU.ActiveCfg = Release|Any CPU
		{95C36B83-897E-4CCE-94C6-818ABEE85F9D}.Release|Any CPU.Build.0 = Release|Any CPU
		{B8B72138-5610-44AB-B29B-FA47D75232B4}.Debug|Any CPU.ActiveCfg = Debug|Any CPU
		{B8B72138-5610-44AB-B29B-FA47D75232B4}.Debug|Any CPU.Build.0 = Debug|Any CPU
		{B8B72138-5610-44AB-B29B-FA47D75232B4}.Release|Any CPU.ActiveCfg = Release|Any CPU
		{B8B72138-5610-44AB-B29B-FA47D75232B4}.Release|Any CPU.Build.0 = Release|Any CPU
		{8B61CF3E-E9B3-4CD9-A163-638AB0EA9397}.Debug|Any CPU.ActiveCfg = Debug|Any CPU
		{8B61CF3E-E9B3-4CD9-A163-638AB0EA9397}.Debug|Any CPU.Build.0 = Debug|Any CPU
		{8B61CF3E-E9B3-4CD9-A163-638AB0EA9397}.Release|Any CPU.ActiveCfg = Release|Any CPU
		{8B61CF3E-E9B3-4CD9-A163-638AB0EA9397}.Release|Any CPU.Build.0 = Release|Any CPU
		{D7029D87-90F9-4A4C-A826-6F971F6D1610}.Debug|Any CPU.ActiveCfg = Debug|Any CPU
		{D7029D87-90F9-4A4C-A826-6F971F6D1610}.Debug|Any CPU.Build.0 = Debug|Any CPU
		{D7029D87-90F9-4A4C-A826-6F971F6D1610}.Release|Any CPU.ActiveCfg = Release|Any CPU
		{D7029D87-90F9-4A4C-A826-6F971F6D1610}.Release|Any CPU.Build.0 = Release|Any CPU
		{B0E4835D-7E01-474E-A97E-F18CE2F06098}.Debug|Any CPU.ActiveCfg = Debug|Any CPU
		{B0E4835D-7E01-474E-A97E-F18CE2F06098}.Debug|Any CPU.Build.0 = Debug|Any CPU
		{B0E4835D-7E01-474E-A97E-F18CE2F06098}.Release|Any CPU.ActiveCfg = Release|Any CPU
		{B0E4835D-7E01-474E-A97E-F18CE2F06098}.Release|Any CPU.Build.0 = Release|Any CPU
		{DB1AB22D-804E-4FAF-9070-E161D8C4C3AE}.Debug|Any CPU.ActiveCfg = Debug|Any CPU
		{DB1AB22D-804E-4FAF-9070-E161D8C4C3AE}.Debug|Any CPU.Build.0 = Debug|Any CPU
		{DB1AB22D-804E-4FAF-9070-E161D8C4C3AE}.Release|Any CPU.ActiveCfg = Release|Any CPU
		{DB1AB22D-804E-4FAF-9070-E161D8C4C3AE}.Release|Any CPU.Build.0 = Release|Any CPU
		{4BA1308F-9423-48A7-92B6-15B234DCDEA2}.Debug|Any CPU.ActiveCfg = Debug|Any CPU
		{4BA1308F-9423-48A7-92B6-15B234DCDEA2}.Debug|Any CPU.Build.0 = Debug|Any CPU
		{4BA1308F-9423-48A7-92B6-15B234DCDEA2}.Release|Any CPU.ActiveCfg = Release|Any CPU
		{4BA1308F-9423-48A7-92B6-15B234DCDEA2}.Release|Any CPU.Build.0 = Release|Any CPU
		{FD0C9661-7355-41E0-8735-65C17AEF9EF7}.Debug|Any CPU.ActiveCfg = Debug|Any CPU
		{FD0C9661-7355-41E0-8735-65C17AEF9EF7}.Debug|Any CPU.Build.0 = Debug|Any CPU
		{FD0C9661-7355-41E0-8735-65C17AEF9EF7}.Release|Any CPU.ActiveCfg = Release|Any CPU
		{FD0C9661-7355-41E0-8735-65C17AEF9EF7}.Release|Any CPU.Build.0 = Release|Any CPU
		{8EF6367C-5B85-4524-9AE8-C1F85108A50E}.Debug|Any CPU.ActiveCfg = Debug|Any CPU
		{8EF6367C-5B85-4524-9AE8-C1F85108A50E}.Debug|Any CPU.Build.0 = Debug|Any CPU
		{8EF6367C-5B85-4524-9AE8-C1F85108A50E}.Release|Any CPU.ActiveCfg = Release|Any CPU
		{8EF6367C-5B85-4524-9AE8-C1F85108A50E}.Release|Any CPU.Build.0 = Release|Any CPU
		{6E5799D6-2704-4C67-918E-9B4F9B88EB86}.Debug|Any CPU.ActiveCfg = Debug|Any CPU
		{6E5799D6-2704-4C67-918E-9B4F9B88EB86}.Debug|Any CPU.Build.0 = Debug|Any CPU
		{6E5799D6-2704-4C67-918E-9B4F9B88EB86}.Release|Any CPU.ActiveCfg = Release|Any CPU
		{6E5799D6-2704-4C67-918E-9B4F9B88EB86}.Release|Any CPU.Build.0 = Release|Any CPU
		{1AC649B9-2BED-464A-8280-F6AA2C6B394F}.Debug|Any CPU.ActiveCfg = Debug|Any CPU
		{1AC649B9-2BED-464A-8280-F6AA2C6B394F}.Debug|Any CPU.Build.0 = Debug|Any CPU
		{1AC649B9-2BED-464A-8280-F6AA2C6B394F}.Release|Any CPU.ActiveCfg = Release|Any CPU
		{1AC649B9-2BED-464A-8280-F6AA2C6B394F}.Release|Any CPU.Build.0 = Release|Any CPU
		{7F618E0F-3B76-41C5-A35B-5C481723052D}.Debug|Any CPU.ActiveCfg = Debug|Any CPU
		{7F618E0F-3B76-41C5-A35B-5C481723052D}.Debug|Any CPU.Build.0 = Debug|Any CPU
		{7F618E0F-3B76-41C5-A35B-5C481723052D}.Release|Any CPU.ActiveCfg = Release|Any CPU
		{7F618E0F-3B76-41C5-A35B-5C481723052D}.Release|Any CPU.Build.0 = Release|Any CPU
		{FE190B87-EB9E-4369-A37B-8E3EC35AF0EF}.Debug|Any CPU.ActiveCfg = Debug|Any CPU
		{FE190B87-EB9E-4369-A37B-8E3EC35AF0EF}.Debug|Any CPU.Build.0 = Debug|Any CPU
		{FE190B87-EB9E-4369-A37B-8E3EC35AF0EF}.Release|Any CPU.ActiveCfg = Release|Any CPU
		{FE190B87-EB9E-4369-A37B-8E3EC35AF0EF}.Release|Any CPU.Build.0 = Release|Any CPU
		{9B8FFF35-6C63-4FDA-883C-1BCC947577B5}.Debug|Any CPU.ActiveCfg = Debug|Any CPU
		{9B8FFF35-6C63-4FDA-883C-1BCC947577B5}.Debug|Any CPU.Build.0 = Debug|Any CPU
		{9B8FFF35-6C63-4FDA-883C-1BCC947577B5}.Release|Any CPU.ActiveCfg = Release|Any CPU
		{9B8FFF35-6C63-4FDA-883C-1BCC947577B5}.Release|Any CPU.Build.0 = Release|Any CPU
		{CD5EE71C-B49E-40DA-9C0B-F1B7B5E776F7}.Debug|Any CPU.ActiveCfg = Debug|Any CPU
		{CD5EE71C-B49E-40DA-9C0B-F1B7B5E776F7}.Debug|Any CPU.Build.0 = Debug|Any CPU
		{CD5EE71C-B49E-40DA-9C0B-F1B7B5E776F7}.Release|Any CPU.ActiveCfg = Release|Any CPU
		{CD5EE71C-B49E-40DA-9C0B-F1B7B5E776F7}.Release|Any CPU.Build.0 = Release|Any CPU
		{29E1103D-4A34-4F60-818E-3B6D9E6B805A}.Debug|Any CPU.ActiveCfg = Debug|Any CPU
		{29E1103D-4A34-4F60-818E-3B6D9E6B805A}.Debug|Any CPU.Build.0 = Debug|Any CPU
		{29E1103D-4A34-4F60-818E-3B6D9E6B805A}.Release|Any CPU.ActiveCfg = Release|Any CPU
		{29E1103D-4A34-4F60-818E-3B6D9E6B805A}.Release|Any CPU.Build.0 = Release|Any CPU
		{9F3050C4-65A1-4ED6-9F3F-6A0ABB15B9F4}.Debug|Any CPU.ActiveCfg = Debug|Any CPU
		{9F3050C4-65A1-4ED6-9F3F-6A0ABB15B9F4}.Debug|Any CPU.Build.0 = Debug|Any CPU
		{9F3050C4-65A1-4ED6-9F3F-6A0ABB15B9F4}.Release|Any CPU.ActiveCfg = Release|Any CPU
		{9F3050C4-65A1-4ED6-9F3F-6A0ABB15B9F4}.Release|Any CPU.Build.0 = Release|Any CPU
		{20A34F60-C541-4433-B4AB-01655707AEEF}.Debug|Any CPU.ActiveCfg = Debug|Any CPU
		{20A34F60-C541-4433-B4AB-01655707AEEF}.Debug|Any CPU.Build.0 = Debug|Any CPU
		{20A34F60-C541-4433-B4AB-01655707AEEF}.Release|Any CPU.ActiveCfg = Release|Any CPU
		{20A34F60-C541-4433-B4AB-01655707AEEF}.Release|Any CPU.Build.0 = Release|Any CPU
		{80E3B25B-2B73-4058-90ED-E529E7350883}.Debug|Any CPU.ActiveCfg = Debug|Any CPU
		{80E3B25B-2B73-4058-90ED-E529E7350883}.Debug|Any CPU.Build.0 = Debug|Any CPU
		{80E3B25B-2B73-4058-90ED-E529E7350883}.Release|Any CPU.ActiveCfg = Release|Any CPU
		{80E3B25B-2B73-4058-90ED-E529E7350883}.Release|Any CPU.Build.0 = Release|Any CPU
		{4FF0D843-E073-44BB-ABB7-6559ED2746B2}.Debug|Any CPU.ActiveCfg = Debug|Any CPU
		{4FF0D843-E073-44BB-ABB7-6559ED2746B2}.Debug|Any CPU.Build.0 = Debug|Any CPU
		{4FF0D843-E073-44BB-ABB7-6559ED2746B2}.Release|Any CPU.ActiveCfg = Release|Any CPU
		{4FF0D843-E073-44BB-ABB7-6559ED2746B2}.Release|Any CPU.Build.0 = Release|Any CPU
		{8E42FCC3-FA3B-4F80-B2F0-3141863BBCB2}.Debug|Any CPU.ActiveCfg = Debug|Any CPU
		{8E42FCC3-FA3B-4F80-B2F0-3141863BBCB2}.Debug|Any CPU.Build.0 = Debug|Any CPU
		{8E42FCC3-FA3B-4F80-B2F0-3141863BBCB2}.Release|Any CPU.ActiveCfg = Release|Any CPU
		{8E42FCC3-FA3B-4F80-B2F0-3141863BBCB2}.Release|Any CPU.Build.0 = Release|Any CPU
		{2DF4F6BD-1A1F-45BD-9822-85220C6D33B4}.Debug|Any CPU.ActiveCfg = Debug|Any CPU
		{2DF4F6BD-1A1F-45BD-9822-85220C6D33B4}.Debug|Any CPU.Build.0 = Debug|Any CPU
		{2DF4F6BD-1A1F-45BD-9822-85220C6D33B4}.Release|Any CPU.ActiveCfg = Release|Any CPU
		{2DF4F6BD-1A1F-45BD-9822-85220C6D33B4}.Release|Any CPU.Build.0 = Release|Any CPU
	EndGlobalSection
	GlobalSection(SolutionProperties) = preSolution
		HideSolutionNode = FALSE
	EndGlobalSection
	GlobalSection(NestedProjects) = preSolution
		{2A49B7C2-774D-42C6-AF5B-F6DE6C4AFA05} = {FAD2374A-81BD-4693-8412-6533B43E81AB}
		{92214F8E-E3B6-4794-93E4-2DCD01371A80} = {FAD2374A-81BD-4693-8412-6533B43E81AB}
		{C9B0B79B-F046-4F9F-BE46-793A17546566} = {FAD2374A-81BD-4693-8412-6533B43E81AB}
		{3423B59D-8FEB-4E90-8286-464457EF4B23} = {FAD2374A-81BD-4693-8412-6533B43E81AB}
		{9638B7A6-DEC0-4D9A-AEDB-96A0834D4198} = {6D550CF0-7CEE-4FE1-833F-79638FED49BC}
		{40C56039-A9FF-442F-BC06-B541421999A4} = {AFD0173D-972E-4829-BBC3-DFA5DFC807B5}
		{D34CD7A6-B192-4C90-8093-0B0C53A533CB} = {AFD0173D-972E-4829-BBC3-DFA5DFC807B5}
		{35FF2A78-C595-42D2-BECD-DFA095035782} = {AFD0173D-972E-4829-BBC3-DFA5DFC807B5}
		{395CF743-1EDD-4B92-ACB9-E67432832255} = {AFD0173D-972E-4829-BBC3-DFA5DFC807B5}
		{A57A9330-4967-47FF-8E28-099C9A458208} = {AFD0173D-972E-4829-BBC3-DFA5DFC807B5}
		{A69C2AB4-4B8C-41F8-AECA-C0589A634AB4} = {11899BBD-4A7D-4FEB-A5B7-9548C7AD712E}
		{14C77564-FAE2-458B-832B-28FDB0ECD4B0} = {AFD6880D-7BF1-4052-9D79-18844A66455F}
		{2C1764F6-6B88-4FF3-8094-5E0B4CF94337} = {AFD6880D-7BF1-4052-9D79-18844A66455F}
		{B63C9C2F-96A0-4F83-8354-F404C867BCEC} = {AFD6880D-7BF1-4052-9D79-18844A66455F}
		{32FB1D5A-B3A9-4E98-A455-A7FD59B5B5CA} = {FA95DAE2-50AE-4D56-92D8-40175C215E0D}
		{6A1CB29E-2D96-48D7-81AE-1974FF9E1E49} = {11899BBD-4A7D-4FEB-A5B7-9548C7AD712E}
		{95C36B83-897E-4CCE-94C6-818ABEE85F9D} = {11899BBD-4A7D-4FEB-A5B7-9548C7AD712E}
		{B8B72138-5610-44AB-B29B-FA47D75232B4} = {11899BBD-4A7D-4FEB-A5B7-9548C7AD712E}
		{8B61CF3E-E9B3-4CD9-A163-638AB0EA9397} = {11899BBD-4A7D-4FEB-A5B7-9548C7AD712E}
		{D7029D87-90F9-4A4C-A826-6F971F6D1610} = {10310E31-B04C-47F5-BCFF-5130228A9F0C}
		{B0E4835D-7E01-474E-A97E-F18CE2F06098} = {10310E31-B04C-47F5-BCFF-5130228A9F0C}
		{DB1AB22D-804E-4FAF-9070-E161D8C4C3AE} = {10310E31-B04C-47F5-BCFF-5130228A9F0C}
		{4BA1308F-9423-48A7-92B6-15B234DCDEA2} = {10310E31-B04C-47F5-BCFF-5130228A9F0C}
		{FD0C9661-7355-41E0-8735-65C17AEF9EF7} = {10310E31-B04C-47F5-BCFF-5130228A9F0C}
		{8EF6367C-5B85-4524-9AE8-C1F85108A50E} = {313BEF73-D28D-46EF-8024-9F92DEF733C2}
		{6E5799D6-2704-4C67-918E-9B4F9B88EB86} = {313BEF73-D28D-46EF-8024-9F92DEF733C2}
		{1AC649B9-2BED-464A-8280-F6AA2C6B394F} = {313BEF73-D28D-46EF-8024-9F92DEF733C2}
		{7F618E0F-3B76-41C5-A35B-5C481723052D} = {313BEF73-D28D-46EF-8024-9F92DEF733C2}
		{FE190B87-EB9E-4369-A37B-8E3EC35AF0EF} = {313BEF73-D28D-46EF-8024-9F92DEF733C2}
		{9B8FFF35-6C63-4FDA-883C-1BCC947577B5} = {4A67417C-CD6E-4F39-85BC-7EA9DCDCB36F}
		{CD5EE71C-B49E-40DA-9C0B-F1B7B5E776F7} = {E4E6FF68-81D3-43FD-9D39-5377D3BE743A}
		{29E1103D-4A34-4F60-818E-3B6D9E6B805A} = {9072103A-5093-4EE1-A335-3867B47B1D08}
		{9F3050C4-65A1-4ED6-9F3F-6A0ABB15B9F4} = {9072103A-5093-4EE1-A335-3867B47B1D08}
		{20A34F60-C541-4433-B4AB-01655707AEEF} = {9072103A-5093-4EE1-A335-3867B47B1D08}
		{80E3B25B-2B73-4058-90ED-E529E7350883} = {4C1553B6-90EA-4C8F-9B2A-02EF665B328C}
		{4FF0D843-E073-44BB-ABB7-6559ED2746B2} = {4C1553B6-90EA-4C8F-9B2A-02EF665B328C}
		{8E42FCC3-FA3B-4F80-B2F0-3141863BBCB2} = {4C1553B6-90EA-4C8F-9B2A-02EF665B328C}
		{2DF4F6BD-1A1F-45BD-9822-85220C6D33B4} = {4C1553B6-90EA-4C8F-9B2A-02EF665B328C}
	EndGlobalSection
	GlobalSection(ExtensibilityGlobals) = postSolution
		SolutionGuid = {980E23D1-40AA-4AA1-9FB2-63DBC9C8986D}
	EndGlobalSection
EndGlobal
